# This is a Gradle generated file for dependency locking.
# Manual edits can break the build and are not advised.
# This file is expected to be part of source control.
antlr:antlr:2.7.7=checkstyle
com.beust:jcommander:1.48=pmd
com.fasterxml.jackson.core:jackson-annotations:2.12.1=compileClasspath,compileProtoPath,runtimeClasspath,testCompileClasspath,testCompileProtoPath,testRuntimeClasspath
com.fasterxml.jackson.core:jackson-core:2.12.1=compileClasspath,compileProtoPath,runtimeClasspath,testCompileClasspath,testCompileProtoPath,testRuntimeClasspath
com.fasterxml.jackson.core:jackson-databind:2.12.1=compileClasspath,compileProtoPath,runtimeClasspath,testCompileClasspath,testCompileProtoPath,testRuntimeClasspath
com.fasterxml.jackson:jackson-bom:2.12.1=compileClasspath,compileProtoPath,runtimeClasspath,testCompileClasspath,testCompileProtoPath,testRuntimeClasspath
com.github.spotbugs:spotbugs-annotations:4.2.1=spotbugs
com.github.spotbugs:spotbugs:4.2.1=spotbugs
com.google.auto.value:auto-value-annotations:1.8.2=compileClasspath,compileProtoPath,runtimeClasspath,testCompileClasspath,testCompileProtoPath,testRuntimeClasspath
com.google.auto.value:auto-value:1.8.1=annotationProcessor,testAnnotationProcessor
com.google.cloud:libraries-bom:22.0.0=compileClasspath,compileProtoPath,runtimeClasspath,testCompileClasspath,testCompileProtoPath,testRuntimeClasspath
com.google.code.findbugs:jsr305:3.0.2=checkstyle,compileClasspath,compileProtoPath,runtimeClasspath,spotbugs,testCompileClasspath,testCompileProtoPath,testRuntimeClasspath
com.google.code.gson:gson:2.8.5=pmd
com.google.errorprone:error_prone_annotations:2.3.4=checkstyle
com.google.errorprone:error_prone_annotations:2.4.0=compileClasspath,compileProtoPath,runtimeClasspath,testCompileClasspath,testCompileProtoPath,testRuntimeClasspath
com.google.guava:failureaccess:1.0.1=checkstyle
com.google.guava:guava:30.0-jre=checkstyle
com.google.guava:listenablefuture:9999.0-empty-to-avoid-conflict-with-guava=checkstyle
com.google.j2objc:j2objc-annotations:1.3=checkstyle
com.google.protobuf:protoc:3.15.6=protobufToolsLocator_protoc
com.puppycrawl.tools:checkstyle:8.39=checkstyle
com.thoughtworks.paranamer:paranamer:2.7=compileClasspath,compileProtoPath,runtimeClasspath,testCompileClasspath,testCompileProtoPath,testRuntimeClasspath
commons-beanutils:commons-beanutils:1.9.4=checkstyle
commons-collections:commons-collections:3.2.2=checkstyle
commons-io:commons-io:2.6=pmd
info.picocli:picocli:4.5.2=checkstyle
jaxen:jaxen:1.2.0=spotbugs
joda-time:joda-time:2.10.10=compileClasspath,compileProtoPath,runtimeClasspath,testCompileClasspath,testCompileProtoPath,testRuntimeClasspath
junit:junit:4.13.1=testCompileClasspath,testCompileProtoPath,testRuntimeClasspath
net.jcip:jcip-annotations:1.0=spotbugs
net.sf.saxon:Saxon-HE:10.3=checkstyle,spotbugs
net.sourceforge.pmd:pmd-core:6.31.0=pmd
net.sourceforge.pmd:pmd-java:6.31.0=pmd
net.sourceforge.saxon:saxon:9.1.0.8=pmd
org.antlr:antlr4-runtime:4.7.2=pmd
org.antlr:antlr4-runtime:4.8-1=checkstyle
org.apache.avro:avro:1.8.2=compileClasspath,compileProtoPath,runtimeClasspath,testCompileClasspath,testCompileProtoPath,testRuntimeClasspath
org.apache.bcel:bcel:6.5.0=spotbugs
org.apache.beam:beam-model-job-management:2.32.0=compileClasspath,compileProtoPath,runtimeClasspath,testCompileClasspath,testCompileProtoPath,testRuntimeClasspath
org.apache.beam:beam-model-pipeline:2.32.0=compileClasspath,compileProtoPath,runtimeClasspath,testCompileClasspath,testCompileProtoPath,testRuntimeClasspath
org.apache.beam:beam-runners-direct-java:2.32.0=runtimeClasspath,testRuntimeClasspath
org.apache.beam:beam-sdks-java-core:2.32.0=compileClasspath,compileProtoPath,runtimeClasspath,testCompileClasspath,testCompileProtoPath,testRuntimeClasspath
org.apache.beam:beam-vendor-bytebuddy-1_11_0:0.1=compileClasspath,compileProtoPath,runtimeClasspath,testCompileClasspath,testCompileProtoPath,testRuntimeClasspath
org.apache.beam:beam-vendor-grpc-1_36_0:0.2=compileClasspath,compileProtoPath,runtimeClasspath,testCompileClasspath,testCompileProtoPath,testRuntimeClasspath
org.apache.beam:beam-vendor-guava-26_0-jre:0.1=compileClasspath,compileProtoPath,runtimeClasspath,testCompileClasspath,testCompileProtoPath,testRuntimeClasspath
org.apache.commons:commons-compress:1.8.1=compileClasspath,compileProtoPath,runtimeClasspath,testCompileClasspath,testCompileProtoPath,testRuntimeClasspath
org.apache.commons:commons-lang3:3.11=spotbugs
org.apache.commons:commons-lang3:3.8.1=pmd
org.apache.commons:commons-text:1.9=spotbugs
org.checkerframework:checker-qual:3.5.0=checkstyle
org.codehaus.jackson:jackson-core-asl:1.9.13=compileClasspath,compileProtoPath,runtimeClasspath,testCompileClasspath,testCompileProtoPath,testRuntimeClasspath
org.codehaus.jackson:jackson-mapper-asl:1.9.13=compileClasspath,compileProtoPath,runtimeClasspath,testCompileClasspath,testCompileProtoPath,testRuntimeClasspath
org.conscrypt:conscrypt-openjdk-uber:2.5.1=compileClasspath,compileProtoPath,runtimeClasspath,testCompileClasspath,testCompileProtoPath,testRuntimeClasspath
org.dom4j:dom4j:2.1.3=spotbugs
org.hamcrest:hamcrest-core:1.3=testCompileClasspath,testCompileProtoPath,testRuntimeClasspath
org.hamcrest:hamcrest:2.2=testCompileClasspath,testCompileProtoPath,testRuntimeClasspath
org.jacoco:org.jacoco.agent:0.8.6=jacocoAgent,jacocoAnt
org.jacoco:org.jacoco.ant:0.8.6=jacocoAnt
org.jacoco:org.jacoco.core:0.8.6=jacocoAnt
org.jacoco:org.jacoco.report:0.8.6=jacocoAnt
org.javassist:javassist:3.26.0-GA=checkstyle
org.json:json:20201115=spotbugs
org.ow2.asm:asm-analysis:8.0.1=jacocoAnt
org.ow2.asm:asm-analysis:9.0=spotbugs
org.ow2.asm:asm-commons:8.0.1=jacocoAnt
org.ow2.asm:asm-commons:9.0=spotbugs
org.ow2.asm:asm-tree:8.0.1=jacocoAnt
org.ow2.asm:asm-tree:9.0=spotbugs
org.ow2.asm:asm-util:9.0=spotbugs
org.ow2.asm:asm:8.0.1=jacocoAnt
org.ow2.asm:asm:9.0=spotbugs
org.ow2.asm:asm:9.0-beta=pmd
org.reflections:reflections:0.9.12=checkstyle
org.slf4j:slf4j-api:1.7.30=compileClasspath,compileProtoPath,runtimeClasspath,testCompileClasspath,testCompileProtoPath,testRuntimeClasspath
org.slf4j:slf4j-api:1.8.0-beta4=spotbugs,spotbugsSlf4j
org.slf4j:slf4j-simple:1.8.0-beta4=spotbugsSlf4j
org.tukaani:xz:1.5=compileClasspath,compileProtoPath,runtimeClasspath,testCompileClasspath,testCompileProtoPath,testRuntimeClasspath
org.xerial.snappy:snappy-java:1.1.8.4=compileClasspath,compileProtoPath,runtimeClasspath,testCompileClasspath,testCompileProtoPath,testRuntimeClasspath
empty=protobuf,spotbugsPlugins,testProtobuf
