# This is a Gradle generated file for dependency locking.
# Manual edits can break the build and are not advised.
# This file is expected to be part of source control.
antlr:antlr:2.7.7=checkstyle
ch.qos.logback:logback-classic:1.4.0=compileClasspath,mainPmdAuxClasspath,runtimeClasspath,testCompileClasspath,testFixturesRuntimeClasspath,testRuntimeClasspath
ch.qos.logback:logback-core:1.4.0=compileClasspath,mainPmdAuxClasspath,runtimeClasspath,testCompileClasspath,testFixturesRuntimeClasspath,testRuntimeClasspath
com.beust:jcommander:1.48=pmd
com.fasterxml.jackson.core:jackson-annotations:2.12.3=compileClasspath,mainPmdAuxClasspath,runtimeClasspath,testCompileClasspath,testFixturesRuntimeClasspath,testRuntimeClasspath
com.fasterxml.jackson.core:jackson-core:2.12.3=compileClasspath,mainPmdAuxClasspath,runtimeClasspath,testCompileClasspath,testFixturesRuntimeClasspath,testRuntimeClasspath
com.fasterxml.jackson.core:jackson-databind:2.12.3=compileClasspath,mainPmdAuxClasspath,runtimeClasspath,testCompileClasspath,testFixturesRuntimeClasspath,testRuntimeClasspath
com.fasterxml.jackson.datatype:jackson-datatype-jsr310:2.12.3=compileClasspath,mainPmdAuxClasspath,runtimeClasspath,testCompileClasspath,testFixturesRuntimeClasspath,testRuntimeClasspath
com.fasterxml.jackson:jackson-bom:2.12.3=compileClasspath,mainPmdAuxClasspath,runtimeClasspath,testCompileClasspath,testFixturesRuntimeClasspath,testRuntimeClasspath
com.github.spotbugs:spotbugs-annotations:4.2.1=spotbugs
com.github.spotbugs:spotbugs:4.2.1=spotbugs
com.google.cloud:libraries-bom:26.18.0=compileClasspath,mainPmdAuxClasspath,runtimeClasspath,testCompileClasspath,testFixturesRuntimeClasspath,testRuntimeClasspath
com.google.code.findbugs:annotations:3.0.1u2=compileClasspath,mainPmdAuxClasspath,testCompileClasspath
com.google.code.findbugs:jsr305:3.0.2=checkstyle,compileClasspath,mainPmdAuxClasspath,runtimeClasspath,spotbugs,testCompileClasspath,testFixturesRuntimeClasspath,testRuntimeClasspath
com.google.code.gson:gson:2.8.5=pmd
com.google.errorprone:error_prone_annotations:2.18.0=compileClasspath,mainPmdAuxClasspath,runtimeClasspath,testCompileClasspath,testFixturesRuntimeClasspath,testRuntimeClasspath
com.google.errorprone:error_prone_annotations:2.3.4=checkstyle
com.google.guava:failureaccess:1.0.1=checkstyle,compileClasspath,mainPmdAuxClasspath,runtimeClasspath,testCompileClasspath,testFixturesRuntimeClasspath,testRuntimeClasspath
com.google.guava:guava:30.0-jre=checkstyle
com.google.guava:guava:32.0.1-jre=compileClasspath,mainPmdAuxClasspath,runtimeClasspath,testCompileClasspath,testFixturesRuntimeClasspath,testRuntimeClasspath
com.google.guava:listenablefuture:9999.0-empty-to-avoid-conflict-with-guava=checkstyle,compileClasspath,mainPmdAuxClasspath,runtimeClasspath,testCompileClasspath,testFixturesRuntimeClasspath,testRuntimeClasspath
com.google.j2objc:j2objc-annotations:1.3=checkstyle
com.google.j2objc:j2objc-annotations:2.8=compileClasspath,mainPmdAuxClasspath,runtimeClasspath,testCompileClasspath,testFixturesRuntimeClasspath,testRuntimeClasspath
com.puppycrawl.tools:checkstyle:8.39=checkstyle
commons-beanutils:commons-beanutils:1.9.4=checkstyle
commons-collections:commons-collections:3.2.2=checkstyle
commons-io:commons-io:2.6=pmd
info.picocli:picocli-codegen:4.6.3=annotationProcessor
info.picocli:picocli:4.5.2=checkstyle
info.picocli:picocli:4.6.3=annotationProcessor,compileClasspath,mainPmdAuxClasspath,runtimeClasspath,testCompileClasspath,testFixturesRuntimeClasspath,testRuntimeClasspath
jaxen:jaxen:1.2.0=spotbugs
net.jcip:jcip-annotations:1.0=compileClasspath,mainPmdAuxClasspath,spotbugs,testCompileClasspath
net.sf.saxon:Saxon-HE:10.3=checkstyle,spotbugs
net.sourceforge.pmd:pmd-core:6.31.0=pmd
net.sourceforge.pmd:pmd-java:6.31.0=pmd
net.sourceforge.saxon:saxon:9.1.0.8=pmd
org.antlr:antlr4-runtime:4.7.2=pmd
org.antlr:antlr4-runtime:4.8-1=checkstyle
org.apache.bcel:bcel:6.5.0=spotbugs
org.apache.commons:commons-lang3:3.11=compileClasspath,mainPmdAuxClasspath,runtimeClasspath,spotbugs,testCompileClasspath,testFixturesRuntimeClasspath,testRuntimeClasspath
org.apache.commons:commons-lang3:3.8.1=pmd
org.apache.commons:commons-text:1.9=compileClasspath,mainPmdAuxClasspath,runtimeClasspath,spotbugs,testCompileClasspath,testFixturesRuntimeClasspath,testRuntimeClasspath
org.checkerframework:checker-qual:3.33.0=compileClasspath,mainPmdAuxClasspath,runtimeClasspath,testCompileClasspath,testFixturesRuntimeClasspath,testRuntimeClasspath
org.checkerframework:checker-qual:3.5.0=checkstyle
org.dom4j:dom4j:2.1.3=spotbugs
org.jacoco:org.jacoco.agent:0.8.6=jacocoAgent,jacocoAnt
org.jacoco:org.jacoco.ant:0.8.6=jacocoAnt
org.jacoco:org.jacoco.core:0.8.6=jacocoAnt
org.jacoco:org.jacoco.report:0.8.6=jacocoAnt
org.javassist:javassist:3.26.0-GA=checkstyle
org.json:json:20201115=spotbugs
org.ow2.asm:asm-analysis:8.0.1=jacocoAnt
org.ow2.asm:asm-analysis:9.0=spotbugs
org.ow2.asm:asm-commons:8.0.1=jacocoAnt
org.ow2.asm:asm-commons:9.0=spotbugs
org.ow2.asm:asm-tree:8.0.1=jacocoAnt
org.ow2.asm:asm-tree:9.0=spotbugs
org.ow2.asm:asm-util:9.0=spotbugs
org.ow2.asm:asm:8.0.1=jacocoAnt
org.ow2.asm:asm:9.0=spotbugs
org.ow2.asm:asm:9.0-beta=pmd
org.reflections:reflections:0.9.12=checkstyle
org.slf4j:slf4j-api:1.8.0-beta4=spotbugs,spotbugsSlf4j
org.slf4j:slf4j-api:2.0.0=compileClasspath,mainPmdAuxClasspath,runtimeClasspath,testCompileClasspath,testFixturesRuntimeClasspath,testRuntimeClasspath
org.slf4j:slf4j-simple:1.8.0-beta4=spotbugsSlf4j
empty=spotbugsPlugins,testAnnotationProcessor,testFixturesAnnotationProcessor,testFixturesCompileClasspath
