# This is a Gradle generated file for dependency locking.
# Manual edits can break the build and are not advised.
# This file is expected to be part of source control.
com.fasterxml.jackson.core:jackson-annotations:2.17.1=compileClasspath,compileProtoPath,runtimeClasspath,testCompileClasspath,testCompileProtoPath,testFixturesCompileProtoPath,testFixturesRuntimeClasspath,testRuntimeClasspath
com.fasterxml.jackson.core:jackson-core:2.17.1=compileClasspath,compileProtoPath,runtimeClasspath,testCompileClasspath,testCompileProtoPath,testFixturesCompileProtoPath,testFixturesRuntimeClasspath,testRuntimeClasspath
com.fasterxml.jackson.core:jackson-databind:2.17.1=compileClasspath,compileProtoPath,runtimeClasspath,testCompileClasspath,testCompileProtoPath,testFixturesCompileProtoPath,testFixturesRuntimeClasspath,testRuntimeClasspath
com.fasterxml.jackson.datatype:jackson-datatype-jsr310:2.17.1=compileClasspath,compileProtoPath,runtimeClasspath,testCompileClasspath,testCompileProtoPath,testFixturesCompileProtoPath,testFixturesRuntimeClasspath,testRuntimeClasspath
com.fasterxml.jackson:jackson-bom:2.17.1=compileClasspath,compileProtoPath,runtimeClasspath,testCompileClasspath,testCompileProtoPath,testFixturesCompileProtoPath,testFixturesRuntimeClasspath,testRuntimeClasspath
com.fasterxml:classmate:1.5.1=compileProtoPath,runtimeClasspath,testCompileProtoPath,testFixturesCompileProtoPath,testFixturesRuntimeClasspath,testRuntimeClasspath
com.github.oowekyala.ooxml:nice-xml-messages:3.1=pmd
com.github.spotbugs:spotbugs-annotations:4.8.5=compileClasspath,compileProtoPath,spotbugs,testCompileClasspath,testCompileProtoPath
com.github.spotbugs:spotbugs:4.8.5=spotbugs
com.github.stephenc.jcip:jcip-annotations:1.0-1=spotbugs
com.google.android:annotations:4.1.1.4=compileProtoPath,runtimeClasspath,testCompileProtoPath,testFixturesCompileProtoPath,testFixturesRuntimeClasspath,testRuntimeClasspath
com.google.api-client:google-api-client:2.6.0=compileClasspath,compileProtoPath,runtimeClasspath,testCompileClasspath,testCompileProtoPath,testFixturesCompileProtoPath,testFixturesRuntimeClasspath,testRuntimeClasspath
com.google.api.grpc:gapic-google-cloud-storage-v2:2.40.0-alpha=compileClasspath,compileProtoPath,runtimeClasspath,testCompileClasspath,testCompileProtoPath,testFixturesCompileProtoPath,testFixturesRuntimeClasspath,testRuntimeClasspath
com.google.api.grpc:grpc-google-cloud-bigquerystorage-v1:3.6.0=compileClasspath,compileProtoPath,runtimeClasspath,testCompileClasspath,testCompileProtoPath,testFixturesCompileProtoPath,testFixturesRuntimeClasspath,testRuntimeClasspath
com.google.api.grpc:grpc-google-cloud-bigquerystorage-v1beta1:0.178.0=compileClasspath,compileProtoPath,runtimeClasspath,testCompileClasspath,testCompileProtoPath,testFixturesCompileProtoPath,testFixturesRuntimeClasspath,testRuntimeClasspath
com.google.api.grpc:grpc-google-cloud-bigquerystorage-v1beta2:0.178.0=compileClasspath,compileProtoPath,runtimeClasspath,testCompileClasspath,testCompileProtoPath,testFixturesCompileProtoPath,testFixturesRuntimeClasspath,testRuntimeClasspath
com.google.api.grpc:grpc-google-cloud-storage-v2:2.40.0-alpha=compileClasspath,compileProtoPath,runtimeClasspath,testCompileClasspath,testCompileProtoPath,testFixturesCompileProtoPath,testFixturesRuntimeClasspath,testRuntimeClasspath
com.google.api.grpc:proto-google-cloud-bigquerystorage-v1:3.6.0=compileClasspath,compileProtoPath,runtimeClasspath,testCompileClasspath,testCompileProtoPath,testFixturesCompileProtoPath,testFixturesRuntimeClasspath,testRuntimeClasspath
com.google.api.grpc:proto-google-cloud-bigquerystorage-v1beta1:0.178.0=compileClasspath,compileProtoPath,runtimeClasspath,testCompileClasspath,testCompileProtoPath,testFixturesCompileProtoPath,testFixturesRuntimeClasspath,testRuntimeClasspath
com.google.api.grpc:proto-google-cloud-bigquerystorage-v1beta2:0.178.0=compileClasspath,compileProtoPath,runtimeClasspath,testCompileClasspath,testCompileProtoPath,testFixturesCompileProtoPath,testFixturesRuntimeClasspath,testRuntimeClasspath
com.google.api.grpc:proto-google-cloud-storage-v2:2.40.0-alpha=compileClasspath,compileProtoPath,runtimeClasspath,testCompileClasspath,testCompileProtoPath,testFixturesCompileProtoPath,testFixturesRuntimeClasspath,testRuntimeClasspath
com.google.api.grpc:proto-google-common-protos:2.40.0=compileClasspath,compileProtoPath,runtimeClasspath,testCompileClasspath,testCompileProtoPath,testFixturesCompileProtoPath,testFixturesRuntimeClasspath,testRuntimeClasspath
com.google.api.grpc:proto-google-iam-v1:1.35.0=compileClasspath,compileProtoPath,runtimeClasspath,testCompileClasspath,testCompileProtoPath,testFixturesCompileProtoPath,testFixturesRuntimeClasspath,testRuntimeClasspath
com.google.api:api-common:2.32.0=compileClasspath,compileProtoPath,runtimeClasspath,testCompileClasspath,testCompileProtoPath,testFixturesCompileProtoPath,testFixturesRuntimeClasspath,testRuntimeClasspath
com.google.api:gax-grpc:2.49.0=compileClasspath,compileProtoPath,runtimeClasspath,testCompileClasspath,testCompileProtoPath,testFixturesCompileProtoPath,testFixturesRuntimeClasspath,testRuntimeClasspath
com.google.api:gax-httpjson:2.49.0=compileClasspath,compileProtoPath,runtimeClasspath,testCompileClasspath,testCompileProtoPath,testFixturesCompileProtoPath,testFixturesRuntimeClasspath,testRuntimeClasspath
com.google.api:gax:2.49.0=compileClasspath,compileProtoPath,runtimeClasspath,testCompileClasspath,testCompileProtoPath,testFixturesCompileProtoPath,testFixturesRuntimeClasspath,testRuntimeClasspath
com.google.apis:google-api-services-bigquery:v2-rev20240323-2.0.0=compileClasspath,compileProtoPath,runtimeClasspath,testCompileClasspath,testCompileProtoPath,testFixturesCompileProtoPath,testFixturesRuntimeClasspath,testRuntimeClasspath
com.google.apis:google-api-services-storage:v1-rev20240319-2.0.0=compileClasspath,compileProtoPath,runtimeClasspath,testCompileClasspath,testCompileProtoPath,testFixturesCompileProtoPath,testFixturesRuntimeClasspath,testRuntimeClasspath
com.google.auth:google-auth-library-credentials:1.23.0=compileClasspath,compileProtoPath,runtimeClasspath,testCompileClasspath,testCompileProtoPath,testFixturesCompileProtoPath,testFixturesRuntimeClasspath,testRuntimeClasspath
com.google.auth:google-auth-library-oauth2-http:1.23.0=compileClasspath,compileProtoPath,runtimeClasspath,testCompileClasspath,testCompileProtoPath,testFixturesCompileProtoPath,testFixturesRuntimeClasspath,testRuntimeClasspath
com.google.auto.value:auto-value-annotations:1.10.4=compileClasspath,compileProtoPath,runtimeClasspath,testCompileClasspath,testCompileProtoPath,testFixturesCompileProtoPath,testFixturesRuntimeClasspath,testRuntimeClasspath
com.google.auto.value:auto-value:1.10.4=compileClasspath,compileProtoPath,runtimeClasspath,testCompileClasspath,testCompileProtoPath,testFixturesCompileProtoPath,testFixturesRuntimeClasspath,testRuntimeClasspath
com.google.cloud:google-cloud-bigquery:2.40.3=compileClasspath,compileProtoPath,runtimeClasspath,testCompileClasspath,testCompileProtoPath,testFixturesCompileProtoPath,testFixturesRuntimeClasspath,testRuntimeClasspath
com.google.cloud:google-cloud-bigquerystorage:3.6.0=compileClasspath,compileProtoPath,runtimeClasspath,testCompileClasspath,testCompileProtoPath,testFixturesCompileProtoPath,testFixturesRuntimeClasspath,testRuntimeClasspath
com.google.cloud:google-cloud-core-grpc:2.39.0=compileClasspath,compileProtoPath,runtimeClasspath,testCompileClasspath,testCompileProtoPath,testFixturesCompileProtoPath,testFixturesRuntimeClasspath,testRuntimeClasspath
com.google.cloud:google-cloud-core-http:2.39.0=compileClasspath,compileProtoPath,runtimeClasspath,testCompileClasspath,testCompileProtoPath,testFixturesCompileProtoPath,testFixturesRuntimeClasspath,testRuntimeClasspath
com.google.cloud:google-cloud-core:2.39.0=compileClasspath,compileProtoPath,runtimeClasspath,testCompileClasspath,testCompileProtoPath,testFixturesCompileProtoPath,testFixturesRuntimeClasspath,testRuntimeClasspath
com.google.cloud:google-cloud-storage:2.40.0=compileClasspath,compileProtoPath,runtimeClasspath,testCompileClasspath,testCompileProtoPath,testFixturesCompileProtoPath,testFixturesRuntimeClasspath,testRuntimeClasspath
com.google.cloud:libraries-bom:26.42.0=compileClasspath,compileProtoPath,runtimeClasspath,testCompileClasspath,testCompileProtoPath,testFixturesCompileProtoPath,testFixturesRuntimeClasspath,testRuntimeClasspath
com.google.code.findbugs:jsr305:3.0.2=checkstyle,compileClasspath,compileProtoPath,runtimeClasspath,spotbugs,spotless865459188,testCompileClasspath,testCompileProtoPath,testFixturesCompileProtoPath,testFixturesRuntimeClasspath,testRuntimeClasspath
com.google.code.gson:gson:2.10.1=pmd,spotbugs
com.google.code.gson:gson:2.11.0=compileClasspath,compileProtoPath,runtimeClasspath,testCompileClasspath,testCompileProtoPath,testFixturesCompileProtoPath,testFixturesRuntimeClasspath,testRuntimeClasspath
com.google.errorprone:error_prone_annotations:2.21.1=spotless865459188
com.google.errorprone:error_prone_annotations:2.23.0=checkstyle
com.google.errorprone:error_prone_annotations:2.28.0=compileClasspath,compileProtoPath,runtimeClasspath,testCompileClasspath,testCompileProtoPath,testFixturesCompileProtoPath,testFixturesRuntimeClasspath,testRuntimeClasspath
com.google.flatbuffers:flatbuffers-java:23.5.26=compileClasspath,compileProtoPath,runtimeClasspath,testCompileClasspath,testCompileProtoPath,testFixturesCompileProtoPath,testFixturesRuntimeClasspath,testRuntimeClasspath
com.google.googlejavaformat:google-java-format:1.19.2=spotless865459188
com.google.guava:failureaccess:1.0.1=spotless865459188
com.google.guava:failureaccess:1.0.2=checkstyle,compileClasspath,compileProtoPath,runtimeClasspath,testCompileClasspath,testCompileProtoPath,testFixturesCompileProtoPath,testFixturesRuntimeClasspath,testRuntimeClasspath
com.google.guava:guava:32.1.3-jre=spotless865459188
com.google.guava:guava:33.0.0-jre=checkstyle
com.google.guava:guava:33.2.1-jre=compileClasspath,compileProtoPath,runtimeClasspath,testCompileClasspath,testCompileProtoPath,testFixturesCompileProtoPath,testFixturesRuntimeClasspath,testRuntimeClasspath
com.google.guava:listenablefuture:9999.0-empty-to-avoid-conflict-with-guava=checkstyle,compileClasspath,compileProtoPath,runtimeClasspath,spotless865459188,testCompileClasspath,testCompileProtoPath,testFixturesCompileProtoPath,testFixturesRuntimeClasspath,testRuntimeClasspath
com.google.http-client:google-http-client-apache-v2:1.44.2=compileClasspath,compileProtoPath,runtimeClasspath,testCompileClasspath,testCompileProtoPath,testFixturesCompileProtoPath,testFixturesRuntimeClasspath,testRuntimeClasspath
com.google.http-client:google-http-client-appengine:1.44.2=compileClasspath,compileProtoPath,runtimeClasspath,testCompileClasspath,testCompileProtoPath,testFixturesCompileProtoPath,testFixturesRuntimeClasspath,testRuntimeClasspath
com.google.http-client:google-http-client-gson:1.44.2=compileClasspath,compileProtoPath,runtimeClasspath,testCompileClasspath,testCompileProtoPath,testFixturesCompileProtoPath,testFixturesRuntimeClasspath,testRuntimeClasspath
com.google.http-client:google-http-client-jackson2:1.44.2=compileClasspath,compileProtoPath,runtimeClasspath,testCompileClasspath,testCompileProtoPath,testFixturesCompileProtoPath,testFixturesRuntimeClasspath,testRuntimeClasspath
com.google.http-client:google-http-client:1.44.2=compileClasspath,compileProtoPath,runtimeClasspath,testCompileClasspath,testCompileProtoPath,testFixturesCompileProtoPath,testFixturesRuntimeClasspath,testRuntimeClasspath
com.google.j2objc:j2objc-annotations:3.0.0=compileClasspath,compileProtoPath,runtimeClasspath,testCompileClasspath,testCompileProtoPath,testFixturesCompileProtoPath,testFixturesRuntimeClasspath,testRuntimeClasspath
com.google.oauth-client:google-oauth-client:1.36.0=compileClasspath,compileProtoPath,runtimeClasspath,testCompileClasspath,testCompileProtoPath,testFixturesCompileProtoPath,testFixturesRuntimeClasspath,testRuntimeClasspath
com.google.protobuf:protobuf-java-util:3.25.3=compileClasspath,compileProtoPath,runtimeClasspath,testCompileClasspath,testCompileProtoPath,testFixturesCompileProtoPath,testFixturesRuntimeClasspath,testRuntimeClasspath
com.google.protobuf:protobuf-java:3.25.3=compileClasspath,compileProtoPath,runtimeClasspath,testCompileClasspath,testCompileProtoPath,testFixturesCompileProtoPath,testFixturesRuntimeClasspath,testRuntimeClasspath
com.google.protobuf:protoc:3.25.3=protobufToolsLocator_protoc
com.google.re2j:re2j:1.7=compileProtoPath,runtimeClasspath,testCompileProtoPath,testFixturesCompileProtoPath,testFixturesRuntimeClasspath,testRuntimeClasspath
com.puppycrawl.tools:checkstyle:10.12.7=checkstyle
com.sun.istack:istack-commons-runtime:4.1.1=compileProtoPath,runtimeClasspath,testCompileProtoPath,testFixturesCompileProtoPath,testFixturesRuntimeClasspath,testRuntimeClasspath
commons-beanutils:commons-beanutils:1.9.4=checkstyle
commons-codec:commons-codec:1.15=checkstyle,pmd,spotbugs
commons-codec:commons-codec:1.17.0=compileClasspath,compileProtoPath,runtimeClasspath,testCompileClasspath,testCompileProtoPath,testFixturesCompileProtoPath,testFixturesRuntimeClasspath,testRuntimeClasspath
commons-collections:commons-collections:3.2.2=checkstyle
info.picocli:picocli:4.7.5=checkstyle
io.github.pseudomuto:protoc-gen-doc:1.5.1=protobufToolsLocator_doc
io.grpc:grpc-alts:1.62.2=compileClasspath,compileProtoPath,runtimeClasspath,testCompileClasspath,testCompileProtoPath,testFixturesCompileProtoPath,testFixturesRuntimeClasspath,testRuntimeClasspath
io.grpc:grpc-api:1.62.2=compileClasspath,compileProtoPath,runtimeClasspath,testCompileClasspath,testCompileProtoPath,testFixturesCompileProtoPath,testFixturesRuntimeClasspath,testRuntimeClasspath
io.grpc:grpc-auth:1.62.2=compileClasspath,compileProtoPath,runtimeClasspath,testCompileClasspath,testCompileProtoPath,testFixturesCompileProtoPath,testFixturesRuntimeClasspath,testRuntimeClasspath
io.grpc:grpc-context:1.62.2=compileClasspath,compileProtoPath,runtimeClasspath,testCompileClasspath,testCompileProtoPath,testFixturesCompileProtoPath,testFixturesRuntimeClasspath,testRuntimeClasspath
io.grpc:grpc-core:1.62.2=compileClasspath,compileProtoPath,runtimeClasspath,testCompileClasspath,testCompileProtoPath,testFixturesCompileProtoPath,testFixturesRuntimeClasspath,testRuntimeClasspath
io.grpc:grpc-googleapis:1.62.2=compileProtoPath,runtimeClasspath,testCompileProtoPath,testFixturesCompileProtoPath,testFixturesRuntimeClasspath,testRuntimeClasspath
io.grpc:grpc-grpclb:1.62.2=compileClasspath,compileProtoPath,runtimeClasspath,testCompileClasspath,testCompileProtoPath,testFixturesCompileProtoPath,testFixturesRuntimeClasspath,testRuntimeClasspath
io.grpc:grpc-inprocess:1.62.2=compileClasspath,compileProtoPath,runtimeClasspath,testCompileClasspath,testCompileProtoPath,testFixturesCompileProtoPath,testFixturesRuntimeClasspath,testRuntimeClasspath
io.grpc:grpc-netty-shaded:1.62.2=compileClasspath,compileProtoPath,runtimeClasspath,testCompileClasspath,testCompileProtoPath,testFixturesCompileProtoPath,testFixturesRuntimeClasspath,testRuntimeClasspath
io.grpc:grpc-protobuf-lite:1.62.2=compileProtoPath,runtimeClasspath,testCompileProtoPath,testFixturesCompileProtoPath,testFixturesRuntimeClasspath,testRuntimeClasspath
io.grpc:grpc-protobuf:1.62.2=compileClasspath,compileProtoPath,runtimeClasspath,testCompileClasspath,testCompileProtoPath,testFixturesCompileProtoPath,testFixturesRuntimeClasspath,testRuntimeClasspath
io.grpc:grpc-rls:1.62.2=compileProtoPath,runtimeClasspath,testCompileProtoPath,testFixturesCompileProtoPath,testFixturesRuntimeClasspath,testRuntimeClasspath
io.grpc:grpc-services:1.62.2=compileProtoPath,runtimeClasspath,testCompileProtoPath,testFixturesCompileProtoPath,testFixturesRuntimeClasspath,testRuntimeClasspath
io.grpc:grpc-stub:1.62.2=compileClasspath,compileProtoPath,runtimeClasspath,testCompileClasspath,testCompileProtoPath,testFixturesCompileProtoPath,testFixturesRuntimeClasspath,testRuntimeClasspath
io.grpc:grpc-util:1.62.2=compileClasspath,compileProtoPath,runtimeClasspath,testCompileClasspath,testCompileProtoPath,testFixturesCompileProtoPath,testFixturesRuntimeClasspath,testRuntimeClasspath
io.grpc:grpc-xds:1.62.2=compileProtoPath,runtimeClasspath,testCompileProtoPath,testFixturesCompileProtoPath,testFixturesRuntimeClasspath,testRuntimeClasspath
io.netty:netty-buffer:4.1.104.Final=compileProtoPath,runtimeClasspath,testCompileProtoPath,testFixturesCompileProtoPath,testFixturesRuntimeClasspath,testRuntimeClasspath
io.netty:netty-common:4.1.104.Final=compileProtoPath,runtimeClasspath,testCompileProtoPath,testFixturesCompileProtoPath,testFixturesRuntimeClasspath,testRuntimeClasspath
io.opencensus:opencensus-api:0.31.1=compileClasspath,compileProtoPath,runtimeClasspath,testCompileClasspath,testCompileProtoPath,testFixturesCompileProtoPath,testFixturesRuntimeClasspath,testRuntimeClasspath
io.opencensus:opencensus-contrib-http-util:0.31.1=compileClasspath,compileProtoPath,runtimeClasspath,testCompileClasspath,testCompileProtoPath,testFixturesCompileProtoPath,testFixturesRuntimeClasspath,testRuntimeClasspath
io.opencensus:opencensus-proto:0.2.0=compileProtoPath,runtimeClasspath,testCompileProtoPath,testFixturesCompileProtoPath,testFixturesRuntimeClasspath,testRuntimeClasspath
io.opentelemetry:opentelemetry-api:1.38.0=compileClasspath,compileProtoPath,runtimeClasspath,testCompileClasspath,testCompileProtoPath,testFixturesCompileProtoPath,testFixturesRuntimeClasspath,testRuntimeClasspath
io.opentelemetry:opentelemetry-context:1.38.0=compileClasspath,compileProtoPath,runtimeClasspath,testCompileClasspath,testCompileProtoPath,testFixturesCompileProtoPath,testFixturesRuntimeClasspath,testRuntimeClasspath
io.perfmark:perfmark-api:0.27.0=compileProtoPath,runtimeClasspath,testCompileProtoPath,testFixturesCompileProtoPath,testFixturesRuntimeClasspath,testRuntimeClasspath
io.smallrye:jandex:3.1.2=compileProtoPath,runtimeClasspath,testCompileProtoPath,testFixturesCompileProtoPath,testFixturesRuntimeClasspath,testRuntimeClasspath
jakarta.activation:jakarta.activation-api:2.1.1=compileProtoPath,runtimeClasspath,testCompileProtoPath,testFixturesCompileProtoPath,testFixturesRuntimeClasspath,testRuntimeClasspath
jakarta.annotation:jakarta.annotation-api:3.0.0=compileClasspath,compileProtoPath,runtimeClasspath,testCompileClasspath,testCompileProtoPath,testFixturesCompileProtoPath,testFixturesRuntimeClasspath,testRuntimeClasspath
jakarta.inject:jakarta.inject-api:2.0.1=compileProtoPath,runtimeClasspath,testCompileProtoPath,testFixturesCompileProtoPath,testFixturesRuntimeClasspath,testRuntimeClasspath
jakarta.persistence:jakarta.persistence-api:3.1.0=compileClasspath,compileProtoPath,runtimeClasspath,testCompileClasspath,testCompileProtoPath,testFixturesCompileProtoPath,testFixturesRuntimeClasspath,testRuntimeClasspath
jakarta.transaction:jakarta.transaction-api:2.0.1=compileClasspath,compileProtoPath,runtimeClasspath,testCompileClasspath,testCompileProtoPath,testFixturesCompileProtoPath,testFixturesRuntimeClasspath,testRuntimeClasspath
jakarta.xml.bind:jakarta.xml.bind-api:4.0.0=compileProtoPath,runtimeClasspath,testCompileProtoPath,testFixturesCompileProtoPath,testFixturesRuntimeClasspath,testRuntimeClasspath
javax.annotation:javax.annotation-api:1.3.2=compileClasspath,compileProtoPath,runtimeClasspath,testCompileClasspath,testCompileProtoPath,testFixturesCompileProtoPath,testFixturesRuntimeClasspath,testRuntimeClasspath
jaxen:jaxen:2.0.0=spotbugs
net.bytebuddy:byte-buddy:1.14.15=compileProtoPath,runtimeClasspath,testCompileProtoPath,testFixturesCompileProtoPath,testFixturesRuntimeClasspath,testRuntimeClasspath
net.sf.saxon:Saxon-HE:12.4=checkstyle,pmd,spotbugs
net.sourceforge.pmd:pmd-ant:7.1.0=pmd
net.sourceforge.pmd:pmd-core:7.1.0=pmd
org.antlr:antlr4-runtime:4.13.0=compileProtoPath,runtimeClasspath,testCompileProtoPath,testFixturesCompileProtoPath,testFixturesRuntimeClasspath,testRuntimeClasspath
org.antlr:antlr4-runtime:4.13.1=checkstyle
org.antlr:antlr4-runtime:4.9.3=pmd
org.apache.arrow:arrow-format:15.0.2=compileClasspath,compileProtoPath,runtimeClasspath,testCompileClasspath,testCompileProtoPath,testFixturesCompileProtoPath,testFixturesRuntimeClasspath,testRuntimeClasspath
org.apache.arrow:arrow-memory-core:15.0.2=compileClasspath,compileProtoPath,runtimeClasspath,testCompileClasspath,testCompileProtoPath,testFixturesCompileProtoPath,testFixturesRuntimeClasspath,testRuntimeClasspath
org.apache.arrow:arrow-memory-netty:15.0.2=compileProtoPath,runtimeClasspath,testCompileProtoPath,testFixturesCompileProtoPath,testFixturesRuntimeClasspath,testRuntimeClasspath
org.apache.arrow:arrow-vector:15.0.2=compileClasspath,compileProtoPath,runtimeClasspath,testCompileClasspath,testCompileProtoPath,testFixturesCompileProtoPath,testFixturesRuntimeClasspath,testRuntimeClasspath
org.apache.bcel:bcel:6.9.0=spotbugs
org.apache.commons:commons-lang3:3.14.0=compileClasspath,compileProtoPath,pmd,runtimeClasspath,spotbugs,testCompileClasspath,testCompileProtoPath,testFixturesCompileProtoPath,testFixturesRuntimeClasspath,testRuntimeClasspath
org.apache.commons:commons-lang3:3.8.1=checkstyle
org.apache.commons:commons-text:1.10.0=spotbugs
org.apache.commons:commons-text:1.12.0=compileClasspath,compileProtoPath,runtimeClasspath,testCompileClasspath,testCompileProtoPath,testFixturesCompileProtoPath,testFixturesRuntimeClasspath,testRuntimeClasspath
org.apache.commons:commons-text:1.3=checkstyle
org.apache.httpcomponents.client5:httpclient5:5.1.3=checkstyle,pmd,spotbugs
org.apache.httpcomponents.core5:httpcore5-h2:5.1.3=checkstyle,pmd,spotbugs
org.apache.httpcomponents.core5:httpcore5:5.1.3=checkstyle,pmd,spotbugs
org.apache.httpcomponents:httpclient:4.5.13=checkstyle
org.apache.httpcomponents:httpclient:4.5.14=compileClasspath,compileProtoPath,runtimeClasspath,testCompileClasspath,testCompileProtoPath,testFixturesCompileProtoPath,testFixturesRuntimeClasspath,testRuntimeClasspath
org.apache.httpcomponents:httpcore:4.4.14=checkstyle
org.apache.httpcomponents:httpcore:4.4.16=compileClasspath,compileProtoPath,runtimeClasspath,testCompileClasspath,testCompileProtoPath,testFixturesCompileProtoPath,testFixturesRuntimeClasspath,testRuntimeClasspath
org.apache.logging.log4j:log4j-api:2.23.1=spotbugs
org.apache.logging.log4j:log4j-core:2.23.1=spotbugs
org.apache.maven.doxia:doxia-core:1.12.0=checkstyle
org.apache.maven.doxia:doxia-logging-api:1.12.0=checkstyle
org.apache.maven.doxia:doxia-module-xdoc:1.12.0=checkstyle
org.apache.maven.doxia:doxia-sink-api:1.12.0=checkstyle
org.apache.xbean:xbean-reflect:3.7=checkstyle
org.apiguardian:apiguardian-api:1.1.2=testCompileClasspath,testFixturesCompileClasspath
org.checkerframework:checker-compat-qual:2.5.6=compileClasspath,compileProtoPath,runtimeClasspath,testCompileClasspath,testCompileProtoPath,testFixturesCompileProtoPath,testFixturesRuntimeClasspath,testRuntimeClasspath
org.checkerframework:checker-qual:2.11.1=pmd
org.checkerframework:checker-qual:3.37.0=spotless865459188
org.checkerframework:checker-qual:3.42.0=checkstyle
org.checkerframework:checker-qual:3.43.0=compileClasspath,compileProtoPath,runtimeClasspath,testCompileClasspath,testCompileProtoPath,testFixturesCompileProtoPath,testFixturesRuntimeClasspath,testRuntimeClasspath
org.codehaus.mojo:animal-sniffer-annotations:1.23=compileProtoPath,runtimeClasspath,testCompileProtoPath,testFixturesCompileProtoPath,testFixturesRuntimeClasspath,testRuntimeClasspath
org.codehaus.plexus:plexus-classworlds:2.6.0=checkstyle
org.codehaus.plexus:plexus-component-annotations:2.1.0=checkstyle
org.codehaus.plexus:plexus-container-default:2.1.0=checkstyle
org.codehaus.plexus:plexus-utils:3.3.0=checkstyle
org.conscrypt:conscrypt-openjdk-uber:2.5.2=compileClasspath,compileProtoPath,runtimeClasspath,testCompileClasspath,testCompileProtoPath,testFixturesCompileProtoPath,testFixturesRuntimeClasspath,testRuntimeClasspath
org.dom4j:dom4j:2.1.4=spotbugs
org.eclipse.angus:angus-activation:2.0.0=compileProtoPath,runtimeClasspath,testCompileProtoPath,testFixturesCompileProtoPath,testFixturesRuntimeClasspath,testRuntimeClasspath
org.eclipse.collections:eclipse-collections-api:11.1.0=compileClasspath,compileProtoPath,runtimeClasspath,testCompileClasspath,testCompileProtoPath,testFixturesCompileProtoPath,testFixturesRuntimeClasspath,testRuntimeClasspath
org.eclipse.collections:eclipse-collections:11.1.0=compileClasspath,compileProtoPath,runtimeClasspath,testCompileClasspath,testCompileProtoPath,testFixturesCompileProtoPath,testFixturesRuntimeClasspath,testRuntimeClasspath
org.glassfish.jaxb:jaxb-core:4.0.2=compileProtoPath,runtimeClasspath,testCompileProtoPath,testFixturesCompileProtoPath,testFixturesRuntimeClasspath,testRuntimeClasspath
org.glassfish.jaxb:jaxb-runtime:4.0.2=compileProtoPath,runtimeClasspath,testCompileProtoPath,testFixturesCompileProtoPath,testFixturesRuntimeClasspath,testRuntimeClasspath
org.glassfish.jaxb:txw2:4.0.2=compileProtoPath,runtimeClasspath,testCompileProtoPath,testFixturesCompileProtoPath,testFixturesRuntimeClasspath,testRuntimeClasspath
org.hibernate.common:hibernate-commons-annotations:6.0.6.Final=compileProtoPath,runtimeClasspath,testCompileProtoPath,testFixturesCompileProtoPath,testFixturesRuntimeClasspath,testRuntimeClasspath
org.hibernate.orm:hibernate-core:6.5.2.Final=compileClasspath,compileProtoPath,runtimeClasspath,testCompileClasspath,testCompileProtoPath,testFixturesCompileProtoPath,testFixturesRuntimeClasspath,testRuntimeClasspath
org.jacoco:org.jacoco.agent:0.8.12=jacocoAgent,jacocoAnt
org.jacoco:org.jacoco.ant:0.8.12=jacocoAnt
org.jacoco:org.jacoco.core:0.8.12=jacocoAnt
org.jacoco:org.jacoco.report:0.8.12=jacocoAnt
org.javassist:javassist:3.28.0-GA=checkstyle
org.jboss.logging:jboss-logging:3.5.0.Final=compileProtoPath,runtimeClasspath,testCompileProtoPath,testFixturesCompileProtoPath,testFixturesRuntimeClasspath,testRuntimeClasspath
org.json:json:20240303=compileClasspath,compileProtoPath,runtimeClasspath,testCompileClasspath,testCompileProtoPath,testFixturesCompileProtoPath,testFixturesRuntimeClasspath,testRuntimeClasspath
org.junit.jupiter:junit-jupiter-api:5.10.2=testCompileClasspath,testCompileProtoPath,testFixturesCompileClasspath,testFixturesCompileProtoPath,testFixturesRuntimeClasspath,testRuntimeClasspath
org.junit.jupiter:junit-jupiter-engine:5.10.2=testRuntimeClasspath
org.junit.platform:junit-platform-commons:1.10.2=testCompileClasspath,testCompileProtoPath,testFixturesCompileClasspath,testFixturesCompileProtoPath,testFixturesRuntimeClasspath,testRuntimeClasspath
org.junit.platform:junit-platform-engine:1.10.2=testRuntimeClasspath
org.junit:junit-bom:5.10.2=testCompileClasspath,testCompileProtoPath,testFixturesCompileClasspath,testFixturesCompileProtoPath,testFixturesRuntimeClasspath,testRuntimeClasspath
org.opentest4j:opentest4j:1.3.0=testCompileClasspath,testCompileProtoPath,testFixturesCompileClasspath,testFixturesCompileProtoPath,testFixturesRuntimeClasspath,testRuntimeClasspath
org.ow2.asm:asm-analysis:9.7=spotbugs
org.ow2.asm:asm-commons:9.7=jacocoAnt,spotbugs
org.ow2.asm:asm-tree:9.7=jacocoAnt,spotbugs
org.ow2.asm:asm-util:9.7=spotbugs
org.ow2.asm:asm:9.6=pmd
org.ow2.asm:asm:9.7=jacocoAnt,spotbugs
org.pcollections:pcollections:3.2.0=pmd
org.reflections:reflections:0.10.2=checkstyle
org.slf4j:jul-to-slf4j:1.7.36=pmd
org.slf4j:slf4j-api:2.0.0=spotbugsSlf4j
org.slf4j:slf4j-api:2.0.13=spotbugs,testFixturesCompileClasspath
org.slf4j:slf4j-api:2.0.16=compileClasspath,compileProtoPath,runtimeClasspath,testCompileClasspath,testCompileProtoPath,testFixturesCompileProtoPath,testFixturesRuntimeClasspath,testRuntimeClasspath
org.slf4j:slf4j-simple:2.0.0=spotbugsSlf4j
org.slf4j:slf4j-simple:2.0.16=compileClasspath,compileProtoPath,runtimeClasspath,testCompileClasspath,testCompileProtoPath,testFixturesCompileProtoPath,testFixturesRuntimeClasspath,testRuntimeClasspath
org.threeten:threeten-extra:1.8.0=compileClasspath,compileProtoPath,runtimeClasspath,testCompileClasspath,testCompileProtoPath,testFixturesCompileProtoPath,testFixturesRuntimeClasspath,testRuntimeClasspath
org.threeten:threetenbp:1.6.9=compileClasspath,compileProtoPath,runtimeClasspath,testCompileClasspath,testCompileProtoPath,testFixturesCompileProtoPath,testFixturesRuntimeClasspath,testRuntimeClasspath
org.xmlresolver:xmlresolver:5.2.2=checkstyle,pmd,spotbugs
empty=annotationProcessor,protobuf,spotbugsPlugins,testAnnotationProcessor,testFixturesAnnotationProcessor,testFixturesProtobuf,testProtobuf
